
Microsoft Visual Studio Solution File, Format Version 12.00
# Visual Studio Version 16
VisualStudioVersion = 16.0.28516.95
MinimumVisualStudioVersion = 10.0.40219.1
Project("{2150E333-8FDC-42A3-9474-1A3956D46DE8}") = "test", "test", "{E05FB898-B111-4075-9C35-50F5CB670511}"
EndProject
Project("{2150E333-8FDC-42A3-9474-1A3956D46DE8}") = "src", "src", "{20A7A15E-787D-4498-8539-AAEA087BDE39}"
EndProject
Project("{9A19103F-16F7-4668-BE54-9A1E7A4F7556}") = "ParallelCompression", "src\ParallelCompression\ParallelCompression.csproj", "{F5DAB271-5285-43AC-928E-A07E08A35D8A}"
EndProject
Project("{9A19103F-16F7-4668-BE54-9A1E7A4F7556}") = "ParallelCompression.Benchmark", "test\ParallelCompression.Benchmark\ParallelCompression.Benchmark.csproj", "{570D6624-3FE1-4B1C-A26A-524C04E91970}"
EndProject
Project("{9A19103F-16F7-4668-BE54-9A1E7A4F7556}") = "ParallelCompression.Tests.Unit", "test\ParallelCompression.Tests.Unit\ParallelCompression.Tests.Unit.csproj", "{4502B1A7-2E82-4828-B928-1999CDB54503}"
EndProject
Global
	GlobalSection(SolutionConfigurationPlatforms) = preSolution
		Debug|Any CPU = Debug|Any CPU
		Release|Any CPU = Release|Any CPU
	EndGlobalSection
	GlobalSection(ProjectConfigurationPlatforms) = postSolution
		{F5DAB271-5285-43AC-928E-A07E08A35D8A}.Debug|Any CPU.ActiveCfg = Debug|Any CPU
		{F5DAB271-5285-43AC-928E-A07E08A35D8A}.Debug|Any CPU.Build.0 = Debug|Any CPU
		{F5DAB271-5285-43AC-928E-A07E08A35D8A}.Release|Any CPU.ActiveCfg = Release|Any CPU
		{F5DAB271-5285-43AC-928E-A07E08A35D8A}.Release|Any CPU.Build.0 = Release|Any CPU
		{570D6624-3FE1-4B1C-A26A-524C04E91970}.Debug|Any CPU.ActiveCfg = Debug|Any CPU
		{570D6624-3FE1-4B1C-A26A-524C04E91970}.Debug|Any CPU.Build.0 = Debug|Any CPU
		{570D6624-3FE1-4B1C-A26A-524C04E91970}.Release|Any CPU.ActiveCfg = Release|Any CPU
		{570D6624-3FE1-4B1C-A26A-524C04E91970}.Release|Any CPU.Build.0 = Release|Any CPU
		{4502B1A7-2E82-4828-B928-1999CDB54503}.Debug|Any CPU.ActiveCfg = Debug|Any CPU
		{4502B1A7-2E82-4828-B928-1999CDB54503}.Debug|Any CPU.Build.0 = Debug|Any CPU
		{4502B1A7-2E82-4828-B928-1999CDB54503}.Release|Any CPU.ActiveCfg = Release|Any CPU
		{4502B1A7-2E82-4828-B928-1999CDB54503}.Release|Any CPU.Build.0 = Release|Any CPU
	EndGlobalSection
	GlobalSection(SolutionProperties) = preSolution
		HideSolutionNode = FALSE
	EndGlobalSection
	GlobalSection(NestedProjects) = preSolution
		{F5DAB271-5285-43AC-928E-A07E08A35D8A} = {20A7A15E-787D-4498-8539-AAEA087BDE39}
		{570D6624-3FE1-4B1C-A26A-524C04E91970} = {E05FB898-B111-4075-9C35-50F5CB670511}
		{4502B1A7-2E82-4828-B928-1999CDB54503} = {E05FB898-B111-4075-9C35-50F5CB670511}
	EndGlobalSection
	GlobalSection(ExtensibilityGlobals) = postSolution
		SolutionGuid = {A0292E12-68F2-478D-9014-9254C785E1D8}
	EndGlobalSection
EndGlobal
